
Microsoft Visual Studio Solution File, Format Version 12.00
# Visual Studio Version 17
VisualStudioVersion = 17.1.32228.430
MinimumVisualStudioVersion = 10.0.40219.1
Project("{FAE04EC0-301F-11D3-BF4B-00C04F79EFBC}") = "MethodsWithLoopsAndConditionals", "MethodsWithLoopsAndConditionals\MethodsWithLoopsAndConditionals.csproj", "{EFEAB0E8-868D-412E-9DC0-453A57120DBF}"
EndProject
Global
	GlobalSection(SolutionConfigurationPlatforms) = preSolution
		Debug|Any CPU = Debug|Any CPU
		Release|Any CPU = Release|Any CPU
	EndGlobalSection
	GlobalSection(ProjectConfigurationPlatforms) = postSolution
		{EFEAB0E8-868D-412E-9DC0-453A57120DBF}.Debug|Any CPU.ActiveCfg = Debug|Any CPU
		{EFEAB0E8-868D-412E-9DC0-453A57120DBF}.Debug|Any CPU.Build.0 = Debug|Any CPU
		{EFEAB0E8-868D-412E-9DC0-453A57120DBF}.Release|Any CPU.ActiveCfg = Release|Any CPU
		{EFEAB0E8-868D-412E-9DC0-453A57120DBF}.Release|Any CPU.Build.0 = Release|Any CPU
	EndGlobalSection
	GlobalSection(SolutionProperties) = preSolution
		HideSolutionNode = FALSE
	EndGlobalSection
	GlobalSection(ExtensibilityGlobals) = postSolution
		SolutionGuid = {4C82251C-9CD1-434C-983D-05334B93ED2B}
	EndGlobalSection
EndGlobal
